
Microsoft Visual Studio Solution File, Format Version 12.00
# Visual Studio Version 17
VisualStudioVersion = 17.2.32616.157
MinimumVisualStudioVersion = 10.0.40219.1
Project("{FAE04EC0-301F-11D3-BF4B-00C04F79EFBC}") = "FiboFactBSurm", "FiboFactBSurm\FiboFactBSurm.csproj", "{43A909C7-6B03-4312-A811-C37E11CB7C28}"
EndProject
Global
	GlobalSection(SolutionConfigurationPlatforms) = preSolution
		Debug|Any CPU = Debug|Any CPU
		Release|Any CPU = Release|Any CPU
	EndGlobalSection
	GlobalSection(ProjectConfigurationPlatforms) = postSolution
		{43A909C7-6B03-4312-A811-C37E11CB7C28}.Debug|Any CPU.ActiveCfg = Debug|Any CPU
		{43A909C7-6B03-4312-A811-C37E11CB7C28}.Debug|Any CPU.Build.0 = Debug|Any CPU
		{43A909C7-6B03-4312-A811-C37E11CB7C28}.Release|Any CPU.ActiveCfg = Release|Any CPU
		{43A909C7-6B03-4312-A811-C37E11CB7C28}.Release|Any CPU.Build.0 = Release|Any CPU
	EndGlobalSection
	GlobalSection(SolutionProperties) = preSolution
		HideSolutionNode = FALSE
	EndGlobalSection
	GlobalSection(ExtensibilityGlobals) = postSolution
		SolutionGuid = {37A127B9-56FE-4A8C-AE00-1CECA110E4DB}
	EndGlobalSection
EndGlobal
